
Microsoft Visual Studio Solution File, Format Version 12.00
# Visual Studio Version 16
VisualStudioVersion = 16.0.30011.22
MinimumVisualStudioVersion = 10.0.40219.1
Project("{FAE04EC0-301F-11D3-BF4B-00C04F79EFBC}") = "GrowtopiaStealer", "GrowtopiaStealer\GrowtopiaStealer.csproj", "{99EE1514-8B95-4D7E-B3F5-1D6FC38A1479}"
EndProject
Global
	GlobalSection(SolutionConfigurationPlatforms) = preSolution
		Debug|Any CPU = Debug|Any CPU
		Release|Any CPU = Release|Any CPU
	EndGlobalSection
	GlobalSection(ProjectConfigurationPlatforms) = postSolution
		{99EE1514-8B95-4D7E-B3F5-1D6FC38A1479}.Debug|Any CPU.ActiveCfg = Debug|Any CPU
		{99EE1514-8B95-4D7E-B3F5-1D6FC38A1479}.Debug|Any CPU.Build.0 = Debug|Any CPU
		{99EE1514-8B95-4D7E-B3F5-1D6FC38A1479}.Release|Any CPU.ActiveCfg = Release|Any CPU
		{99EE1514-8B95-4D7E-B3F5-1D6FC38A1479}.Release|Any CPU.Build.0 = Release|Any CPU
	EndGlobalSection
	GlobalSection(SolutionProperties) = preSolution
		HideSolutionNode = FALSE
	EndGlobalSection
	GlobalSection(ExtensibilityGlobals) = postSolution
		SolutionGuid = {8AF9011D-A8F2-4E13-BDB7-DC7DF166187B}
	EndGlobalSection
EndGlobal
